
Microsoft Visual Studio Solution File, Format Version 12.00
# Visual Studio Version 16
VisualStudioVersion = 16.0.34114.132
MinimumVisualStudioVersion = 10.0.40219.1
Project("{2150E333-8FDC-42A3-9474-1A3956D46DE8}") = "Task0", "Task0", "{C9D99DDD-4E38-4E92-B71B-A83799464750}"
EndProject
Project("{FAE04EC0-301F-11D3-BF4B-00C04F79EFBC}") = "Tyuiu.PostikaAO.Sprint2.Task0.V17", "Tyuiu.PostikaAO.Sprint2.Task0.V17\Tyuiu.PostikaAO.Sprint2.Task0.V17.csproj", "{9344D96A-03B3-4164-B655-8A0B8CC8B087}"
EndProject
Project("{FAE04EC0-301F-11D3-BF4B-00C04F79EFBC}") = "Tyuiu.PostikaAO.Sprint2.Task0.V17.Lib", "Tyuiu.PostikaAO.Sprint2.Task0.V17.Lib\Tyuiu.PostikaAO.Sprint2.Task0.V17.Lib.csproj", "{0124C63A-25A7-4E70-91FF-1CBDDE866888}"
EndProject
Project("{FAE04EC0-301F-11D3-BF4B-00C04F79EFBC}") = "Tyuiu.PostikaAO.Sprint2.Task0.V17.Test", "Tyuiu.PostikaAO.Sprint2.Task0.V17.Test\Tyuiu.PostikaAO.Sprint2.Task0.V17.Test.csproj", "{97299E98-C1B3-4E9A-B004-A4E3119C2ECB}"
EndProject
Project("{2150E333-8FDC-42A3-9474-1A3956D46DE8}") = "Task1", "Task1", "{7FB1012C-D3E4-4FEC-8834-14A0A2F15D67}"
EndProject
Project("{FAE04EC0-301F-11D3-BF4B-00C04F79EFBC}") = "Tyuiu.PostikaAO.Sprint2.Task1.V7", "Tyuiu.PostikaAO.Sprint2.Task1.V7\Tyuiu.PostikaAO.Sprint2.Task1.V7.csproj", "{67F531D9-9ED9-41BE-A578-309B3C16D154}"
EndProject
Project("{FAE04EC0-301F-11D3-BF4B-00C04F79EFBC}") = "Tyuiu.PostikaAO.Sprint2.Task1.V7.Lib", "Tyuiu.PostikaAO.Sprint2.Task1.V7.Lib\Tyuiu.PostikaAO.Sprint2.Task1.V7.Lib.csproj", "{98F539B0-77BC-4E95-8D07-8E72FEC6F72B}"
EndProject
Project("{FAE04EC0-301F-11D3-BF4B-00C04F79EFBC}") = "Tyuiu.PostikaAO.Sprint2.Task1.V7.Test", "Tyuiu.PostikaAO.Sprint2.Task1.V7.Test\Tyuiu.PostikaAO.Sprint2.Task1.V7.Test.csproj", "{8DD57371-D5B5-44BF-B1F8-EA41A2FD1AE6}"
EndProject
Project("{2150E333-8FDC-42A3-9474-1A3956D46DE8}") = "Task2", "Task2", "{BCFDA9AB-39F5-4436-9D22-C0C53220E48C}"
EndProject
Project("{FAE04EC0-301F-11D3-BF4B-00C04F79EFBC}") = "Tyuiu.PostikaAO.Sprint2.Task2.V8", "Tyuiu.PostikaAO.Sprint2.Task2.V8\Tyuiu.PostikaAO.Sprint2.Task2.V8.csproj", "{260BF44E-0F2E-4683-A6D6-EC9C8CC15BA4}"
EndProject
Project("{FAE04EC0-301F-11D3-BF4B-00C04F79EFBC}") = "Tyuiu.PostikaAO.Sprint2.Task2.V8.Lib", "Tyuiu.PostikaAO.Sprint2.Task2.V8.Lib\Tyuiu.PostikaAO.Sprint2.Task2.V8.Lib.csproj", "{E1595746-3B64-435B-8164-587383A8BC90}"
EndProject
Project("{FAE04EC0-301F-11D3-BF4B-00C04F79EFBC}") = "Tyuiu.PostikaAO.Sprint2.Task2.V8.Test", "Tyuiu.PostikaAO.Sprint2.Task2.V8.Test\Tyuiu.PostikaAO.Sprint2.Task2.V8.Test.csproj", "{1F368EB9-49F0-4CB9-A881-E806900EE857}"
EndProject
Project("{2150E333-8FDC-42A3-9474-1A3956D46DE8}") = "Task3", "Task3", "{6309141C-4245-4D4F-95E6-3A1D5057D1CF}"
EndProject
Project("{FAE04EC0-301F-11D3-BF4B-00C04F79EFBC}") = "Tyuiu.PostikaAO.Sprint2.Task3.V20", "Tyuiu.PostikaAO.Sprint2.Task3.V20\Tyuiu.PostikaAO.Sprint2.Task3.V20.csproj", "{16FA5E39-7B6B-4909-8D9F-4627B5EA9E7E}"
EndProject
Project("{FAE04EC0-301F-11D3-BF4B-00C04F79EFBC}") = "Tyuiu.PostikaAO.Sprint2.Task3.V20.Lib", "Tyuiu.PostikaAO.Sprint2.Task3.V20.Lib\Tyuiu.PostikaAO.Sprint2.Task3.V20.Lib.csproj", "{730668BD-8A3F-4514-9930-CA16903F4D26}"
EndProject
Project("{FAE04EC0-301F-11D3-BF4B-00C04F79EFBC}") = "Tyuiu.PostikaAO.Sprint2.Task3.V20.Test", "Tyuiu.PostikaAO.Sprint2.Task3.V20.Test\Tyuiu.PostikaAO.Sprint2.Task3.V20.Test.csproj", "{DD1247F9-0AD3-4EE3-9F5F-898BC537499F}"
EndProject
Project("{2150E333-8FDC-42A3-9474-1A3956D46DE8}") = "Task4", "Task4", "{27C9F4D3-24B7-4BDB-9707-E99C5D0DCA3C}"
EndProject
Project("{FAE04EC0-301F-11D3-BF4B-00C04F79EFBC}") = "Tyuiu.PostikaAO.Sprint2.Task4.V24", "Tyuiu.PostikaAO.Sprint2.Task4.V24\Tyuiu.PostikaAO.Sprint2.Task4.V24.csproj", "{D20CCAD1-D50F-4719-B844-07C97425C7F0}"
EndProject
Project("{FAE04EC0-301F-11D3-BF4B-00C04F79EFBC}") = "Tyuiu.PostikaAO.Sprint2.Task4.V24.Lib", "Tyuiu.PostikaAO.Sprint2.Task4.V24.Lib\Tyuiu.PostikaAO.Sprint2.Task4.V24.Lib.csproj", "{2FB42F18-31E7-489A-AEC5-471CBE300DB6}"
EndProject
Project("{FAE04EC0-301F-11D3-BF4B-00C04F79EFBC}") = "Tyuiu.PostikaAO.Sprint2.Task4.V24.Test", "Tyuiu.PostikaAO.Sprint2.Task4.V24.Test\Tyuiu.PostikaAO.Sprint2.Task4.V24.Test.csproj", "{9A6FC856-9973-4EB9-A2DD-AAC7D4B1EAB4}"
EndProject
Project("{2150E333-8FDC-42A3-9474-1A3956D46DE8}") = "Task5", "Task5", "{DD61E800-F38E-400E-BAC7-1106D561300E}"
EndProject
Project("{FAE04EC0-301F-11D3-BF4B-00C04F79EFBC}") = "Tyuiu.PostikaAO.Sprint2.Task5.V6", "Tyuiu.PostikaAO.Sprint2.Task5.V6\Tyuiu.PostikaAO.Sprint2.Task5.V6.csproj", "{FAADC42E-D991-4CC1-B5ED-F6FABA99251E}"
EndProject
Project("{FAE04EC0-301F-11D3-BF4B-00C04F79EFBC}") = "Tyuiu.PostikaAO.Sprint2.Task5.V6.Lib", "Tyuiu.PostikaAO.Sprint2.Task5.V6.Lib\Tyuiu.PostikaAO.Sprint2.Task5.V6.Lib.csproj", "{62B8F225-8B8E-4C40-857D-2F7E9BCC7056}"
EndProject
Project("{FAE04EC0-301F-11D3-BF4B-00C04F79EFBC}") = "Tyuiu.PostikaAO.Sprint2.Task5.V6.Test", "Tyuiu.PostikaAO.Sprint2.Task5.V6.Test\Tyuiu.PostikaAO.Sprint2.Task5.V6.Test.csproj", "{968E1026-E8AF-4849-ADEF-98C62256589F}"
EndProject
Project("{2150E333-8FDC-42A3-9474-1A3956D46DE8}") = "Task6", "Task6", "{195AA2E4-8E1B-4270-8AE2-7EBC46616F36}"
EndProject
Project("{FAE04EC0-301F-11D3-BF4B-00C04F79EFBC}") = "Tyuiu.PostikaAO.Sprint2.Task6.V5", "Tyuiu.PostikaAO.Sprint2.Task6.V5\Tyuiu.PostikaAO.Sprint2.Task6.V5.csproj", "{72CA8F9D-371E-47E6-AEAB-87637AD57475}"
EndProject
Project("{FAE04EC0-301F-11D3-BF4B-00C04F79EFBC}") = "Tyuiu.PostikaAO.Sprint2.Task6.V5.Lib", "Tyuiu.PostikaAO.Sprint2.Task6.V5.Lib\Tyuiu.PostikaAO.Sprint2.Task6.V5.Lib.csproj", "{52BFB21B-940E-4DA1-BE45-9F19425C57A2}"
EndProject
Project("{FAE04EC0-301F-11D3-BF4B-00C04F79EFBC}") = "Tyuiu.PostikaAO.Sprint2.Task6.V5.Test", "Tyuiu.PostikaAO.Sprint2.Task6.V5.Test\Tyuiu.PostikaAO.Sprint2.Task6.V5.Test.csproj", "{5F9F7164-F711-471A-9240-DD2B5872EF1A}"
EndProject
Global
	GlobalSection(SolutionConfigurationPlatforms) = preSolution
		Debug|Any CPU = Debug|Any CPU
		Release|Any CPU = Release|Any CPU
	EndGlobalSection
	GlobalSection(ProjectConfigurationPlatforms) = postSolution
		{9344D96A-03B3-4164-B655-8A0B8CC8B087}.Debug|Any CPU.ActiveCfg = Debug|Any CPU
		{9344D96A-03B3-4164-B655-8A0B8CC8B087}.Debug|Any CPU.Build.0 = Debug|Any CPU
		{9344D96A-03B3-4164-B655-8A0B8CC8B087}.Release|Any CPU.ActiveCfg = Release|Any CPU
		{9344D96A-03B3-4164-B655-8A0B8CC8B087}.Release|Any CPU.Build.0 = Release|Any CPU
		{0124C63A-25A7-4E70-91FF-1CBDDE866888}.Debug|Any CPU.ActiveCfg = Debug|Any CPU
		{0124C63A-25A7-4E70-91FF-1CBDDE866888}.Debug|Any CPU.Build.0 = Debug|Any CPU
		{0124C63A-25A7-4E70-91FF-1CBDDE866888}.Release|Any CPU.ActiveCfg = Release|Any CPU
		{0124C63A-25A7-4E70-91FF-1CBDDE866888}.Release|Any CPU.Build.0 = Release|Any CPU
		{97299E98-C1B3-4E9A-B004-A4E3119C2ECB}.Debug|Any CPU.ActiveCfg = Debug|Any CPU
		{97299E98-C1B3-4E9A-B004-A4E3119C2ECB}.Debug|Any CPU.Build.0 = Debug|Any CPU
		{97299E98-C1B3-4E9A-B004-A4E3119C2ECB}.Release|Any CPU.ActiveCfg = Release|Any CPU
		{97299E98-C1B3-4E9A-B004-A4E3119C2ECB}.Release|Any CPU.Build.0 = Release|Any CPU
		{67F531D9-9ED9-41BE-A578-309B3C16D154}.Debug|Any CPU.ActiveCfg = Debug|Any CPU
		{67F531D9-9ED9-41BE-A578-309B3C16D154}.Debug|Any CPU.Build.0 = Debug|Any CPU
		{67F531D9-9ED9-41BE-A578-309B3C16D154}.Release|Any CPU.ActiveCfg = Release|Any CPU
		{67F531D9-9ED9-41BE-A578-309B3C16D154}.Release|Any CPU.Build.0 = Release|Any CPU
		{98F539B0-77BC-4E95-8D07-8E72FEC6F72B}.Debug|Any CPU.ActiveCfg = Debug|Any CPU
		{98F539B0-77BC-4E95-8D07-8E72FEC6F72B}.Debug|Any CPU.Build.0 = Debug|Any CPU
		{98F539B0-77BC-4E95-8D07-8E72FEC6F72B}.Release|Any CPU.ActiveCfg = Release|Any CPU
		{98F539B0-77BC-4E95-8D07-8E72FEC6F72B}.Release|Any CPU.Build.0 = Release|Any CPU
		{8DD57371-D5B5-44BF-B1F8-EA41A2FD1AE6}.Debug|Any CPU.ActiveCfg = Debug|Any CPU
		{8DD57371-D5B5-44BF-B1F8-EA41A2FD1AE6}.Debug|Any CPU.Build.0 = Debug|Any CPU
		{8DD57371-D5B5-44BF-B1F8-EA41A2FD1AE6}.Release|Any CPU.ActiveCfg = Release|Any CPU
		{8DD57371-D5B5-44BF-B1F8-EA41A2FD1AE6}.Release|Any CPU.Build.0 = Release|Any CPU
		{260BF44E-0F2E-4683-A6D6-EC9C8CC15BA4}.Debug|Any CPU.ActiveCfg = Debug|Any CPU
		{260BF44E-0F2E-4683-A6D6-EC9C8CC15BA4}.Debug|Any CPU.Build.0 = Debug|Any CPU
		{260BF44E-0F2E-4683-A6D6-EC9C8CC15BA4}.Release|Any CPU.ActiveCfg = Release|Any CPU
		{260BF44E-0F2E-4683-A6D6-EC9C8CC15BA4}.Release|Any CPU.Build.0 = Release|Any CPU
		{E1595746-3B64-435B-8164-587383A8BC90}.Debug|Any CPU.ActiveCfg = Debug|Any CPU
		{E1595746-3B64-435B-8164-587383A8BC90}.Debug|Any CPU.Build.0 = Debug|Any CPU
		{E1595746-3B64-435B-8164-587383A8BC90}.Release|Any CPU.ActiveCfg = Release|Any CPU
		{E1595746-3B64-435B-8164-587383A8BC90}.Release|Any CPU.Build.0 = Release|Any CPU
		{1F368EB9-49F0-4CB9-A881-E806900EE857}.Debug|Any CPU.ActiveCfg = Debug|Any CPU
		{1F368EB9-49F0-4CB9-A881-E806900EE857}.Debug|Any CPU.Build.0 = Debug|Any CPU
		{1F368EB9-49F0-4CB9-A881-E806900EE857}.Release|Any CPU.ActiveCfg = Release|Any CPU
		{1F368EB9-49F0-4CB9-A881-E806900EE857}.Release|Any CPU.Build.0 = Release|Any CPU
		{16FA5E39-7B6B-4909-8D9F-4627B5EA9E7E}.Debug|Any CPU.ActiveCfg = Debug|Any CPU
		{16FA5E39-7B6B-4909-8D9F-4627B5EA9E7E}.Debug|Any CPU.Build.0 = Debug|Any CPU
		{16FA5E39-7B6B-4909-8D9F-4627B5EA9E7E}.Release|Any CPU.ActiveCfg = Release|Any CPU
		{16FA5E39-7B6B-4909-8D9F-4627B5EA9E7E}.Release|Any CPU.Build.0 = Release|Any CPU
		{730668BD-8A3F-4514-9930-CA16903F4D26}.Debug|Any CPU.ActiveCfg = Debug|Any CPU
		{730668BD-8A3F-4514-9930-CA16903F4D26}.Debug|Any CPU.Build.0 = Debug|Any CPU
		{730668BD-8A3F-4514-9930-CA16903F4D26}.Release|Any CPU.ActiveCfg = Release|Any CPU
		{730668BD-8A3F-4514-9930-CA16903F4D26}.Release|Any CPU.Build.0 = Release|Any CPU
		{DD1247F9-0AD3-4EE3-9F5F-898BC537499F}.Debug|Any CPU.ActiveCfg = Debug|Any CPU
		{DD1247F9-0AD3-4EE3-9F5F-898BC537499F}.Debug|Any CPU.Build.0 = Debug|Any CPU
		{DD1247F9-0AD3-4EE3-9F5F-898BC537499F}.Release|Any CPU.ActiveCfg = Release|Any CPU
		{DD1247F9-0AD3-4EE3-9F5F-898BC537499F}.Release|Any CPU.Build.0 = Release|Any CPU
		{D20CCAD1-D50F-4719-B844-07C97425C7F0}.Debug|Any CPU.ActiveCfg = Debug|Any CPU
		{D20CCAD1-D50F-4719-B844-07C97425C7F0}.Debug|Any CPU.Build.0 = Debug|Any CPU
		{D20CCAD1-D50F-4719-B844-07C97425C7F0}.Release|Any CPU.ActiveCfg = Release|Any CPU
		{D20CCAD1-D50F-4719-B844-07C97425C7F0}.Release|Any CPU.Build.0 = Release|Any CPU
		{2FB42F18-31E7-489A-AEC5-471CBE300DB6}.Debug|Any CPU.ActiveCfg = Debug|Any CPU
		{2FB42F18-31E7-489A-AEC5-471CBE300DB6}.Debug|Any CPU.Build.0 = Debug|Any CPU
		{2FB42F18-31E7-489A-AEC5-471CBE300DB6}.Release|Any CPU.ActiveCfg = Release|Any CPU
		{2FB42F18-31E7-489A-AEC5-471CBE300DB6}.Release|Any CPU.Build.0 = Release|Any CPU
		{9A6FC856-9973-4EB9-A2DD-AAC7D4B1EAB4}.Debug|Any CPU.ActiveCfg = Debug|Any CPU
		{9A6FC856-9973-4EB9-A2DD-AAC7D4B1EAB4}.Debug|Any CPU.Build.0 = Debug|Any CPU
		{9A6FC856-9973-4EB9-A2DD-AAC7D4B1EAB4}.Release|Any CPU.ActiveCfg = Release|Any CPU
		{9A6FC856-9973-4EB9-A2DD-AAC7D4B1EAB4}.Release|Any CPU.Build.0 = Release|Any CPU
		{FAADC42E-D991-4CC1-B5ED-F6FABA99251E}.Debug|Any CPU.ActiveCfg = Debug|Any CPU
		{FAADC42E-D991-4CC1-B5ED-F6FABA99251E}.Debug|Any CPU.Build.0 = Debug|Any CPU
		{FAADC42E-D991-4CC1-B5ED-F6FABA99251E}.Release|Any CPU.ActiveCfg = Release|Any CPU
		{FAADC42E-D991-4CC1-B5ED-F6FABA99251E}.Release|Any CPU.Build.0 = Release|Any CPU
		{62B8F225-8B8E-4C40-857D-2F7E9BCC7056}.Debug|Any CPU.ActiveCfg = Debug|Any CPU
		{62B8F225-8B8E-4C40-857D-2F7E9BCC7056}.Debug|Any CPU.Build.0 = Debug|Any CPU
		{62B8F225-8B8E-4C40-857D-2F7E9BCC7056}.Release|Any CPU.ActiveCfg = Release|Any CPU
		{62B8F225-8B8E-4C40-857D-2F7E9BCC7056}.Release|Any CPU.Build.0 = Release|Any CPU
		{968E1026-E8AF-4849-ADEF-98C62256589F}.Debug|Any CPU.ActiveCfg = Debug|Any CPU
		{968E1026-E8AF-4849-ADEF-98C62256589F}.Debug|Any CPU.Build.0 = Debug|Any CPU
		{968E1026-E8AF-4849-ADEF-98C62256589F}.Release|Any CPU.ActiveCfg = Release|Any CPU
		{968E1026-E8AF-4849-ADEF-98C62256589F}.Release|Any CPU.Build.0 = Release|Any CPU
		{72CA8F9D-371E-47E6-AEAB-87637AD57475}.Debug|Any CPU.ActiveCfg = Debug|Any CPU
		{72CA8F9D-371E-47E6-AEAB-87637AD57475}.Debug|Any CPU.Build.0 = Debug|Any CPU
		{72CA8F9D-371E-47E6-AEAB-87637AD57475}.Release|Any CPU.ActiveCfg = Release|Any CPU
		{72CA8F9D-371E-47E6-AEAB-87637AD57475}.Release|Any CPU.Build.0 = Release|Any CPU
		{52BFB21B-940E-4DA1-BE45-9F19425C57A2}.Debug|Any CPU.ActiveCfg = Debug|Any CPU
		{52BFB21B-940E-4DA1-BE45-9F19425C57A2}.Debug|Any CPU.Build.0 = Debug|Any CPU
		{52BFB21B-940E-4DA1-BE45-9F19425C57A2}.Release|Any CPU.ActiveCfg = Release|Any CPU
		{52BFB21B-940E-4DA1-BE45-9F19425C57A2}.Release|Any CPU.Build.0 = Release|Any CPU
		{5F9F7164-F711-471A-9240-DD2B5872EF1A}.Debug|Any CPU.ActiveCfg = Debug|Any CPU
		{5F9F7164-F711-471A-9240-DD2B5872EF1A}.Debug|Any CPU.Build.0 = Debug|Any CPU
		{5F9F7164-F711-471A-9240-DD2B5872EF1A}.Release|Any CPU.ActiveCfg = Release|Any CPU
		{5F9F7164-F711-471A-9240-DD2B5872EF1A}.Release|Any CPU.Build.0 = Release|Any CPU
	EndGlobalSection
	GlobalSection(SolutionProperties) = preSolution
		HideSolutionNode = FALSE
	EndGlobalSection
	GlobalSection(NestedProjects) = preSolution
		{9344D96A-03B3-4164-B655-8A0B8CC8B087} = {C9D99DDD-4E38-4E92-B71B-A83799464750}
		{0124C63A-25A7-4E70-91FF-1CBDDE866888} = {C9D99DDD-4E38-4E92-B71B-A83799464750}
		{97299E98-C1B3-4E9A-B004-A4E3119C2ECB} = {C9D99DDD-4E38-4E92-B71B-A83799464750}
		{67F531D9-9ED9-41BE-A578-309B3C16D154} = {7FB1012C-D3E4-4FEC-8834-14A0A2F15D67}
		{98F539B0-77BC-4E95-8D07-8E72FEC6F72B} = {7FB1012C-D3E4-4FEC-8834-14A0A2F15D67}
		{8DD57371-D5B5-44BF-B1F8-EA41A2FD1AE6} = {7FB1012C-D3E4-4FEC-8834-14A0A2F15D67}
		{260BF44E-0F2E-4683-A6D6-EC9C8CC15BA4} = {BCFDA9AB-39F5-4436-9D22-C0C53220E48C}
		{E1595746-3B64-435B-8164-587383A8BC90} = {BCFDA9AB-39F5-4436-9D22-C0C53220E48C}
		{1F368EB9-49F0-4CB9-A881-E806900EE857} = {BCFDA9AB-39F5-4436-9D22-C0C53220E48C}
		{16FA5E39-7B6B-4909-8D9F-4627B5EA9E7E} = {6309141C-4245-4D4F-95E6-3A1D5057D1CF}
		{730668BD-8A3F-4514-9930-CA16903F4D26} = {6309141C-4245-4D4F-95E6-3A1D5057D1CF}
		{DD1247F9-0AD3-4EE3-9F5F-898BC537499F} = {6309141C-4245-4D4F-95E6-3A1D5057D1CF}
		{D20CCAD1-D50F-4719-B844-07C97425C7F0} = {27C9F4D3-24B7-4BDB-9707-E99C5D0DCA3C}
		{2FB42F18-31E7-489A-AEC5-471CBE300DB6} = {27C9F4D3-24B7-4BDB-9707-E99C5D0DCA3C}
		{9A6FC856-9973-4EB9-A2DD-AAC7D4B1EAB4} = {27C9F4D3-24B7-4BDB-9707-E99C5D0DCA3C}
		{FAADC42E-D991-4CC1-B5ED-F6FABA99251E} = {DD61E800-F38E-400E-BAC7-1106D561300E}
		{62B8F225-8B8E-4C40-857D-2F7E9BCC7056} = {DD61E800-F38E-400E-BAC7-1106D561300E}
		{968E1026-E8AF-4849-ADEF-98C62256589F} = {DD61E800-F38E-400E-BAC7-1106D561300E}
		{72CA8F9D-371E-47E6-AEAB-87637AD57475} = {195AA2E4-8E1B-4270-8AE2-7EBC46616F36}
		{52BFB21B-940E-4DA1-BE45-9F19425C57A2} = {195AA2E4-8E1B-4270-8AE2-7EBC46616F36}
		{5F9F7164-F711-471A-9240-DD2B5872EF1A} = {195AA2E4-8E1B-4270-8AE2-7EBC46616F36}
	EndGlobalSection
	GlobalSection(ExtensibilityGlobals) = postSolution
		SolutionGuid = {B782261A-9566-433C-8E60-F366E8117B78}
	EndGlobalSection
EndGlobal
